// !$*UTF8*$!
{
	archiveVersion = 1;
	classes = {
	};
	objectVersion = 46;
	objects = {

/* Begin PBXBuildFile section */
		6C6CD1791E4C1A9D00C12ED7 /* main.m in Sources */ = {isa = PBXBuildFile; fileRef = 6C6CD1781E4C1A9D00C12ED7 /* main.m */; };
		6C6CD17C1E4C1A9D00C12ED7 /* AppDelegate.m in Sources */ = {isa = PBXBuildFile; fileRef = 6C6CD17B1E4C1A9D00C12ED7 /* AppDelegate.m */; };
		6C6CD1841E4C1A9D00C12ED7 /* Assets.xcassets in Resources */ = {isa = PBXBuildFile; fileRef = 6C6CD1831E4C1A9D00C12ED7 /* Assets.xcassets */; };
		6C6CD1871E4C1A9D00C12ED7 /* LaunchScreen.storyboard in Resources */ = {isa = PBXBuildFile; fileRef = 6C6CD1851E4C1A9D00C12ED7 /* LaunchScreen.storyboard */; };
		6C6CD1921E4C1A9D00C12ED7 /* PerformingDemo_objcTests.m in Sources */ = {isa = PBXBuildFile; fileRef = 6C6CD1911E4C1A9D00C12ED7 /* PerformingDemo_objcTests.m */; };
		6C6CD19D1E4C1A9D00C12ED7 /* PerformingDemo_objcUITests.m in Sources */ = {isa = PBXBuildFile; fileRef = 6C6CD19C1E4C1A9D00C12ED7 /* PerformingDemo_objcUITests.m */; };
		6C6CD1AC1E4C1BAE00C12ED7 /* MainTableViewController.m in Sources */ = {isa = PBXBuildFile; fileRef = 6C6CD1AB1E4C1BAE00C12ED7 /* MainTableViewController.m */; };
		6CAEABD01E4DA6F2000D6FFB /* UIMotionEffectGroup+MotionEffect.m in Sources */ = {isa = PBXBuildFile; fileRef = 6CAEABC71E4DA6F2000D6FFB /* UIMotionEffectGroup+MotionEffect.m */; };
		6CAEABD21E4DA6F2000D6FFB /* YGGravity.m in Sources */ = {isa = PBXBuildFile; fileRef = 6CAEABCD1E4DA6F2000D6FFB /* YGGravity.m */; };
		6CAEABD31E4DA6F2000D6FFB /* YGGravityImageView.m in Sources */ = {isa = PBXBuildFile; fileRef = 6CAEABCF1E4DA6F2000D6FFB /* YGGravityImageView.m */; };
		6CAEABD61E4DA71E000D6FFB /* SensorTableViewController.m in Sources */ = {isa = PBXBuildFile; fileRef = 6CAEABD51E4DA71E000D6FFB /* SensorTableViewController.m */; };
		6CAEABD91E4DA7F1000D6FFB /* GyroscopeViewController.m in Sources */ = {isa = PBXBuildFile; fileRef = 6CAEABD81E4DA7F1000D6FFB /* GyroscopeViewController.m */; };
		6CAEABDC1E4DA809000D6FFB /* GravityViewController.m in Sources */ = {isa = PBXBuildFile; fileRef = 6CAEABDB1E4DA809000D6FFB /* GravityViewController.m */; };
/* End PBXBuildFile section */

/* Begin PBXContainerItemProxy section */
		6C6CD18E1E4C1A9D00C12ED7 /* PBXContainerItemProxy */ = {
			isa = PBXContainerItemProxy;
			containerPortal = 6C6CD16C1E4C1A9C00C12ED7 /* Project object */;
			proxyType = 1;
			remoteGlobalIDString = 6C6CD1731E4C1A9D00C12ED7;
			remoteInfo = PerformingDemo_objc;
		};
		6C6CD1991E4C1A9D00C12ED7 /* PBXContainerItemProxy */ = {
			isa = PBXContainerItemProxy;
			containerPortal = 6C6CD16C1E4C1A9C00C12ED7 /* Project object */;
			proxyType = 1;
			remoteGlobalIDString = 6C6CD1731E4C1A9D00C12ED7;
			remoteInfo = PerformingDemo_objc;
		};
/* End PBXContainerItemProxy section */

/* Begin PBXFileReference section */
		6C6CD1741E4C1A9D00C12ED7 /* PerformingDemo_objc.app */ = {isa = PBXFileReference; explicitFileType = wrapper.application; includeInIndex = 0; path = PerformingDemo_objc.app; sourceTree = BUILT_PRODUCTS_DIR; };
		6C6CD1781E4C1A9D00C12ED7 /* main.m */ = {isa = PBXFileReference; lastKnownFileType = sourcecode.c.objc; path = main.m; sourceTree = "<group>"; };
		6C6CD17A1E4C1A9D00C12ED7 /* AppDelegate.h */ = {isa = PBXFileReference; lastKnownFileType = sourcecode.c.h; path = AppDelegate.h; sourceTree = "<group>"; };
		6C6CD17B1E4C1A9D00C12ED7 /* AppDelegate.m */ = {isa = PBXFileReference; lastKnownFileType = sourcecode.c.objc; path = AppDelegate.m; sourceTree = "<group>"; };
		6C6CD1831E4C1A9D00C12ED7 /* Assets.xcassets */ = {isa = PBXFileReference; lastKnownFileType = folder.assetcatalog; path = Assets.xcassets; sourceTree = "<group>"; };
		6C6CD1861E4C1A9D00C12ED7 /* Base */ = {isa = PBXFileReference; lastKnownFileType = file.storyboard; name = Base; path = Base.lproj/LaunchScreen.storyboard; sourceTree = "<group>"; };
		6C6CD1881E4C1A9D00C12ED7 /* Info.plist */ = {isa = PBXFileReference; lastKnownFileType = text.plist.xml; path = Info.plist; sourceTree = "<group>"; };
		6C6CD18D1E4C1A9D00C12ED7 /* PerformingDemo_objcTests.xctest */ = {isa = PBXFileReference; explicitFileType = wrapper.cfbundle; includeInIndex = 0; path = PerformingDemo_objcTests.xctest; sourceTree = BUILT_PRODUCTS_DIR; };
		6C6CD1911E4C1A9D00C12ED7 /* PerformingDemo_objcTests.m */ = {isa = PBXFileReference; lastKnownFileType = sourcecode.c.objc; path = PerformingDemo_objcTests.m; sourceTree = "<group>"; };
		6C6CD1931E4C1A9D00C12ED7 /* Info.plist */ = {isa = PBXFileReference; lastKnownFileType = text.plist.xml; path = Info.plist; sourceTree = "<group>"; };
		6C6CD1981E4C1A9D00C12ED7 /* PerformingDemo_objcUITests.xctest */ = {isa = PBXFileReference; explicitFileType = wrapper.cfbundle; includeInIndex = 0; path = PerformingDemo_objcUITests.xctest; sourceTree = BUILT_PRODUCTS_DIR; };
		6C6CD19C1E4C1A9D00C12ED7 /* PerformingDemo_objcUITests.m */ = {isa = PBXFileReference; lastKnownFileType = sourcecode.c.objc; path = PerformingDemo_objcUITests.m; sourceTree = "<group>"; };
		6C6CD19E1E4C1A9D00C12ED7 /* Info.plist */ = {isa = PBXFileReference; lastKnownFileType = text.plist.xml; path = Info.plist; sourceTree = "<group>"; };
		6C6CD1AA1E4C1BAE00C12ED7 /* MainTableViewController.h */ = {isa = PBXFileReference; fileEncoding = 4; lastKnownFileType = sourcecode.c.h; path = MainTableViewController.h; sourceTree = "<group>"; };
		6C6CD1AB1E4C1BAE00C12ED7 /* MainTableViewController.m */ = {isa = PBXFileReference; fileEncoding = 4; lastKnownFileType = sourcecode.c.objc; path = MainTableViewController.m; sourceTree = "<group>"; };
		6CAEABC61E4DA6F2000D6FFB /* UIMotionEffectGroup+MotionEffect.h */ = {isa = PBXFileReference; fileEncoding = 4; lastKnownFileType = sourcecode.c.h; path = "UIMotionEffectGroup+MotionEffect.h"; sourceTree = "<group>"; };
		6CAEABC71E4DA6F2000D6FFB /* UIMotionEffectGroup+MotionEffect.m */ = {isa = PBXFileReference; fileEncoding = 4; lastKnownFileType = sourcecode.c.objc; path = "UIMotionEffectGroup+MotionEffect.m"; sourceTree = "<group>"; };
		6CAEABCC1E4DA6F2000D6FFB /* YGGravity.h */ = {isa = PBXFileReference; fileEncoding = 4; lastKnownFileType = sourcecode.c.h; path = YGGravity.h; sourceTree = "<group>"; };
		6CAEABCD1E4DA6F2000D6FFB /* YGGravity.m */ = {isa = PBXFileReference; fileEncoding = 4; lastKnownFileType = sourcecode.c.objc; path = YGGravity.m; sourceTree = "<group>"; };
		6CAEABCE1E4DA6F2000D6FFB /* YGGravityImageView.h */ = {isa = PBXFileReference; fileEncoding = 4; lastKnownFileType = sourcecode.c.h; path = YGGravityImageView.h; sourceTree = "<group>"; };
		6CAEABCF1E4DA6F2000D6FFB /* YGGravityImageView.m */ = {isa = PBXFileReference; fileEncoding = 4; lastKnownFileType = sourcecode.c.objc; path = YGGravityImageView.m; sourceTree = "<group>"; };
		6CAEABD41E4DA71E000D6FFB /* SensorTableViewController.h */ = {isa = PBXFileReference; fileEncoding = 4; lastKnownFileType = sourcecode.c.h; path = SensorTableViewController.h; sourceTree = "<group>"; };
		6CAEABD51E4DA71E000D6FFB /* SensorTableViewController.m */ = {isa = PBXFileReference; fileEncoding = 4; lastKnownFileType = sourcecode.c.objc; path = SensorTableViewController.m; sourceTree = "<group>"; };
		6CAEABD71E4DA7F1000D6FFB /* GyroscopeViewController.h */ = {isa = PBXFileReference; fileEncoding = 4; lastKnownFileType = sourcecode.c.h; path = GyroscopeViewController.h; sourceTree = "<group>"; };
		6CAEABD81E4DA7F1000D6FFB /* GyroscopeViewController.m */ = {isa = PBXFileReference; fileEncoding = 4; lastKnownFileType = sourcecode.c.objc; path = GyroscopeViewController.m; sourceTree = "<group>"; };
		6CAEABDA1E4DA809000D6FFB /* GravityViewController.h */ = {isa = PBXFileReference; fileEncoding = 4; lastKnownFileType = sourcecode.c.h; path = GravityViewController.h; sourceTree = "<group>"; };
		6CAEABDB1E4DA809000D6FFB /* GravityViewController.m */ = {isa = PBXFileReference; fileEncoding = 4; lastKnownFileType = sourcecode.c.objc; path = GravityViewController.m; sourceTree = "<group>"; };
/* End PBXFileReference section */

/* Begin PBXFrameworksBuildPhase section */
		6C6CD1711E4C1A9D00C12ED7 /* Frameworks */ = {
			isa = PBXFrameworksBuildPhase;
			buildActionMask = 2147483647;
			files = (
			);
			runOnlyForDeploymentPostprocessing = 0;
		};
		6C6CD18A1E4C1A9D00C12ED7 /* Frameworks */ = {
			isa = PBXFrameworksBuildPhase;
			buildActionMask = 2147483647;
			files = (
			);
			runOnlyForDeploymentPostprocessing = 0;
		};
		6C6CD1951E4C1A9D00C12ED7 /* Frameworks */ = {
			isa = PBXFrameworksBuildPhase;
			buildActionMask = 2147483647;
			files = (
			);
			runOnlyForDeploymentPostprocessing = 0;
		};
/* End PBXFrameworksBuildPhase section */

/* Begin PBXGroup section */
		6C6CD16B1E4C1A9C00C12ED7 = {
			isa = PBXGroup;
			children = (
				6C6CD1761E4C1A9D00C12ED7 /* PerformingDemo_objc */,
				6C6CD1901E4C1A9D00C12ED7 /* PerformingDemo_objcTests */,
				6C6CD19B1E4C1A9D00C12ED7 /* PerformingDemo_objcUITests */,
				6C6CD1751E4C1A9D00C12ED7 /* Products */,
			);
			sourceTree = "<group>";
		};
		6C6CD1751E4C1A9D00C12ED7 /* Products */ = {
			isa = PBXGroup;
			children = (
				6C6CD1741E4C1A9D00C12ED7 /* PerformingDemo_objc.app */,
				6C6CD18D1E4C1A9D00C12ED7 /* PerformingDemo_objcTests.xctest */,
				6C6CD1981E4C1A9D00C12ED7 /* PerformingDemo_objcUITests.xctest */,
			);
			name = Products;
			sourceTree = "<group>";
		};
		6C6CD1761E4C1A9D00C12ED7 /* PerformingDemo_objc */ = {
			isa = PBXGroup;
			children = (
				6C6CD17A1E4C1A9D00C12ED7 /* AppDelegate.h */,
				6C6CD17B1E4C1A9D00C12ED7 /* AppDelegate.m */,
				6C6CD1AA1E4C1BAE00C12ED7 /* MainTableViewController.h */,
				6C6CD1AB1E4C1BAE00C12ED7 /* MainTableViewController.m */,
				6CAEABC31E4DA6F2000D6FFB /* Sensor(传感器) */,
				6C6CD1831E4C1A9D00C12ED7 /* Assets.xcassets */,
				6C6CD1851E4C1A9D00C12ED7 /* LaunchScreen.storyboard */,
				6C6CD1881E4C1A9D00C12ED7 /* Info.plist */,
				6C6CD1771E4C1A9D00C12ED7 /* Supporting Files */,
			);
			path = PerformingDemo_objc;
			sourceTree = "<group>";
		};
		6C6CD1771E4C1A9D00C12ED7 /* Supporting Files */ = {
			isa = PBXGroup;
			children = (
				6C6CD1781E4C1A9D00C12ED7 /* main.m */,
			);
			name = "Supporting Files";
			sourceTree = "<group>";
		};
		6C6CD1901E4C1A9D00C12ED7 /* PerformingDemo_objcTests */ = {
			isa = PBXGroup;
			children = (
				6C6CD1911E4C1A9D00C12ED7 /* PerformingDemo_objcTests.m */,
				6C6CD1931E4C1A9D00C12ED7 /* Info.plist */,
			);
			path = PerformingDemo_objcTests;
			sourceTree = "<group>";
		};
		6C6CD19B1E4C1A9D00C12ED7 /* PerformingDemo_objcUITests */ = {
			isa = PBXGroup;
			children = (
				6C6CD19C1E4C1A9D00C12ED7 /* PerformingDemo_objcUITests.m */,
				6C6CD19E1E4C1A9D00C12ED7 /* Info.plist */,
			);
			path = PerformingDemo_objcUITests;
			sourceTree = "<group>";
		};
		6CAEABC31E4DA6F2000D6FFB /* Sensor(传感器) */ = {
			isa = PBXGroup;
			children = (
				6CAEABD41E4DA71E000D6FFB /* SensorTableViewController.h */,
				6CAEABD51E4DA71E000D6FFB /* SensorTableViewController.m */,
				6CAEABC51E4DA6F2000D6FFB /* 重力感应 */,
				6CAEABC81E4DA6F2000D6FFB /* 陀螺仪 */,
			);
			path = "Sensor(传感器)";
			sourceTree = "<group>";
		};
		6CAEABC51E4DA6F2000D6FFB /* 重力感应 */ = {
			isa = PBXGroup;
			children = (
				6CAEABDA1E4DA809000D6FFB /* GravityViewController.h */,
				6CAEABDB1E4DA809000D6FFB /* GravityViewController.m */,
				6CAEABC61E4DA6F2000D6FFB /* UIMotionEffectGroup+MotionEffect.h */,
				6CAEABC71E4DA6F2000D6FFB /* UIMotionEffectGroup+MotionEffect.m */,
			);
			path = "重力感应";
			sourceTree = "<group>";
		};
		6CAEABC81E4DA6F2000D6FFB /* 陀螺仪 */ = {
			isa = PBXGroup;
			children = (
				6CAEABCB1E4DA6F2000D6FFB /* YGGravityImageView */,
				6CAEABD71E4DA7F1000D6FFB /* GyroscopeViewController.h */,
				6CAEABD81E4DA7F1000D6FFB /* GyroscopeViewController.m */,
			);
			path = "陀螺仪";
			sourceTree = "<group>";
		};
		6CAEABCB1E4DA6F2000D6FFB /* YGGravityImageView */ = {
			isa = PBXGroup;
			children = (
				6CAEABCC1E4DA6F2000D6FFB /* YGGravity.h */,
				6CAEABCD1E4DA6F2000D6FFB /* YGGravity.m */,
				6CAEABCE1E4DA6F2000D6FFB /* YGGravityImageView.h */,
				6CAEABCF1E4DA6F2000D6FFB /* YGGravityImageView.m */,
			);
			path = YGGravityImageView;
			sourceTree = "<group>";
		};
/* End PBXGroup section */

/* Begin PBXNativeTarget section */
		6C6CD1731E4C1A9D00C12ED7 /* PerformingDemo_objc */ = {
			isa = PBXNativeTarget;
			buildConfigurationList = 6C6CD1A11E4C1A9D00C12ED7 /* Build configuration list for PBXNativeTarget "PerformingDemo_objc" */;
			buildPhases = (
				6C6CD1701E4C1A9D00C12ED7 /* Sources */,
				6C6CD1711E4C1A9D00C12ED7 /* Frameworks */,
				6C6CD1721E4C1A9D00C12ED7 /* Resources */,
			);
			buildRules = (
			);
			dependencies = (
			);
			name = PerformingDemo_objc;
			productName = PerformingDemo_objc;
			productReference = 6C6CD1741E4C1A9D00C12ED7 /* PerformingDemo_objc.app */;
			productType = "com.apple.product-type.application";
		};
		6C6CD18C1E4C1A9D00C12ED7 /* PerformingDemo_objcTests */ = {
			isa = PBXNativeTarget;
			buildConfigurationList = 6C6CD1A41E4C1A9D00C12ED7 /* Build configuration list for PBXNativeTarget "PerformingDemo_objcTests" */;
			buildPhases = (
				6C6CD1891E4C1A9D00C12ED7 /* Sources */,
				6C6CD18A1E4C1A9D00C12ED7 /* Frameworks */,
				6C6CD18B1E4C1A9D00C12ED7 /* Resources */,
			);
			buildRules = (
			);
			dependencies = (
				6C6CD18F1E4C1A9D00C12ED7 /* PBXTargetDependency */,
			);
			name = PerformingDemo_objcTests;
			productName = PerformingDemo_objcTests;
			productReference = 6C6CD18D1E4C1A9D00C12ED7 /* PerformingDemo_objcTests.xctest */;
			productType = "com.apple.product-type.bundle.unit-test";
		};
		6C6CD1971E4C1A9D00C12ED7 /* PerformingDemo_objcUITests */ = {
			isa = PBXNativeTarget;
			buildConfigurationList = 6C6CD1A71E4C1A9D00C12ED7 /* Build configuration list for PBXNativeTarget "PerformingDemo_objcUITests" */;
			buildPhases = (
				6C6CD1941E4C1A9D00C12ED7 /* Sources */,
				6C6CD1951E4C1A9D00C12ED7 /* Frameworks */,
				6C6CD1961E4C1A9D00C12ED7 /* Resources */,
			);
			buildRules = (
			);
			dependencies = (
				6C6CD19A1E4C1A9D00C12ED7 /* PBXTargetDependency */,
			);
			name = PerformingDemo_objcUITests;
			productName = PerformingDemo_objcUITests;
			productReference = 6C6CD1981E4C1A9D00C12ED7 /* PerformingDemo_objcUITests.xctest */;
			productType = "com.apple.product-type.bundle.ui-testing";
		};
/* End PBXNativeTarget section */

/* Begin PBXProject section */
		6C6CD16C1E4C1A9C00C12ED7 /* Project object */ = {
			isa = PBXProject;
			attributes = {
				LastUpgradeCheck = 0820;
				ORGANIZATIONNAME = queuey;
				TargetAttributes = {
					6C6CD1731E4C1A9D00C12ED7 = {
						CreatedOnToolsVersion = 8.2;
						DevelopmentTeam = CTJ3RAFKS2;
						ProvisioningStyle = Automatic;
					};
					6C6CD18C1E4C1A9D00C12ED7 = {
						CreatedOnToolsVersion = 8.2;
						DevelopmentTeam = CTJ3RAFKS2;
						ProvisioningStyle = Automatic;
						TestTargetID = 6C6CD1731E4C1A9D00C12ED7;
					};
					6C6CD1971E4C1A9D00C12ED7 = {
						CreatedOnToolsVersion = 8.2;
						DevelopmentTeam = CTJ3RAFKS2;
						ProvisioningStyle = Automatic;
						TestTargetID = 6C6CD1731E4C1A9D00C12ED7;
					};
				};
			};
			buildConfigurationList = 6C6CD16F1E4C1A9C00C12ED7 /* Build configuration list for PBXProject "PerformingDemo_objc" */;
			compatibilityVersion = "Xcode 3.2";
			developmentRegion = English;
			hasScannedForEncodings = 0;
			knownRegions = (
				en,
				Base,
			);
			mainGroup = 6C6CD16B1E4C1A9C00C12ED7;
			productRefGroup = 6C6CD1751E4C1A9D00C12ED7 /* Products */;
			projectDirPath = "";
			projectRoot = "";
			targets = (
				6C6CD1731E4C1A9D00C12ED7 /* PerformingDemo_objc */,
				6C6CD18C1E4C1A9D00C12ED7 /* PerformingDemo_objcTests */,
				6C6CD1971E4C1A9D00C12ED7 /* PerformingDemo_objcUITests */,
			);
		};
/* End PBXProject section */

/* Begin PBXResourcesBuildPhase section */
		6C6CD1721E4C1A9D00C12ED7 /* Resources */ = {
			isa = PBXResourcesBuildPhase;
			buildActionMask = 2147483647;
			files = (
				6C6CD1871E4C1A9D00C12ED7 /* LaunchScreen.storyboard in Resources */,
				6C6CD1841E4C1A9D00C12ED7 /* Assets.xcassets in Resources */,
			);
			runOnlyForDeploymentPostprocessing = 0;
		};
		6C6CD18B1E4C1A9D00C12ED7 /* Resources */ = {
			isa = PBXResourcesBuildPhase;
			buildActionMask = 2147483647;
			files = (
			);
			runOnlyForDeploymentPostprocessing = 0;
		};
		6C6CD1961E4C1A9D00C12ED7 /* Resources */ = {
			isa = PBXResourcesBuildPhase;
			buildActionMask = 2147483647;
			files = (
			);
			runOnlyForDeploymentPostprocessing = 0;
		};
/* End PBXResourcesBuildPhase section */

/* Begin PBXSourcesBuildPhase section */
		6C6CD1701E4C1A9D00C12ED7 /* Sources */ = {
			isa = PBXSourcesBuildPhase;
			buildActionMask = 2147483647;
			files = (
				6CAEABD31E4DA6F2000D6FFB /* YGGravityImageView.m in Sources */,
				6C6CD1AC1E4C1BAE00C12ED7 /* MainTableViewController.m in Sources */,
				6CAEABD01E4DA6F2000D6FFB /* UIMotionEffectGroup+MotionEffect.m in Sources */,
				6CAEABD21E4DA6F2000D6FFB /* YGGravity.m in Sources */,
				6CAEABD91E4DA7F1000D6FFB /* GyroscopeViewController.m in Sources */,
				6C6CD17C1E4C1A9D00C12ED7 /* AppDelegate.m in Sources */,
				6C6CD1791E4C1A9D00C12ED7 /* main.m in Sources */,
				6CAEABD61E4DA71E000D6FFB /* SensorTableViewController.m in Sources */,
				6CAEABDC1E4DA809000D6FFB /* GravityViewController.m in Sources */,
			);
			runOnlyForDeploymentPostprocessing = 0;
		};
		6C6CD1891E4C1A9D00C12ED7 /* Sources */ = {
			isa = PBXSourcesBuildPhase;
			buildActionMask = 2147483647;
			files = (
				6C6CD1921E4C1A9D00C12ED7 /* PerformingDemo_objcTests.m in Sources */,
			);
			runOnlyForDeploymentPostprocessing = 0;
		};
		6C6CD1941E4C1A9D00C12ED7 /* Sources */ = {
			isa = PBXSourcesBuildPhase;
			buildActionMask = 2147483647;
			files = (
				6C6CD19D1E4C1A9D00C12ED7 /* PerformingDemo_objcUITests.m in Sources */,
			);
			runOnlyForDeploymentPostprocessing = 0;
		};
/* End PBXSourcesBuildPhase section */

/* Begin PBXTargetDependency section */
		6C6CD18F1E4C1A9D00C12ED7 /* PBXTargetDependency */ = {
			isa = PBXTargetDependency;
			target = 6C6CD1731E4C1A9D00C12ED7 /* PerformingDemo_objc */;
			targetProxy = 6C6CD18E1E4C1A9D00C12ED7 /* PBXContainerItemProxy */;
		};
		6C6CD19A1E4C1A9D00C12ED7 /* PBXTargetDependency */ = {
			isa = PBXTargetDependency;
			target = 6C6CD1731E4C1A9D00C12ED7 /* PerformingDemo_objc */;
			targetProxy = 6C6CD1991E4C1A9D00C12ED7 /* PBXContainerItemProxy */;
		};
/* End PBXTargetDependency section */

/* Begin PBXVariantGroup section */
		6C6CD1851E4C1A9D00C12ED7 /* LaunchScreen.storyboard */ = {
			isa = PBXVariantGroup;
			children = (
				6C6CD1861E4C1A9D00C12ED7 /* Base */,
			);
			name = LaunchScreen.storyboard;
			sourceTree = "<group>";
		};
/* End PBXVariantGroup section */

/* Begin XCBuildConfiguration section */
		6C6CD19F1E4C1A9D00C12ED7 /* Debug */ = {
			isa = XCBuildConfiguration;
			buildSettings = {
				ALWAYS_SEARCH_USER_PATHS = NO;
				CLANG_ANALYZER_NONNULL = YES;
				CLANG_CXX_LANGUAGE_STANDARD = "gnu++0x";
				CLANG_CXX_LIBRARY = "libc++";
				CLANG_ENABLE_MODULES = YES;
				CLANG_ENABLE_OBJC_ARC = YES;
				CLANG_WARN_BOOL_CONVERSION = YES;
				CLANG_WARN_CONSTANT_CONVERSION = YES;
				CLANG_WARN_DIRECT_OBJC_ISA_USAGE = YES_ERROR;
				CLANG_WARN_DOCUMENTATION_COMMENTS = YES;
				CLANG_WARN_EMPTY_BODY = YES;
				CLANG_WARN_ENUM_CONVERSION = YES;
				CLANG_WARN_INFINITE_RECURSION = YES;
				CLANG_WARN_INT_CONVERSION = YES;
				CLANG_WARN_OBJC_ROOT_CLASS = YES_ERROR;
				CLANG_WARN_SUSPICIOUS_MOVE = YES;
				CLANG_WARN_UNREACHABLE_CODE = YES;
				CLANG_WARN__DUPLICATE_METHOD_MATCH = YES;
				"CODE_SIGN_IDENTITY[sdk=iphoneos*]" = "iPhone Developer";
				COPY_PHASE_STRIP = NO;
				DEBUG_INFORMATION_FORMAT = dwarf;
				ENABLE_STRICT_OBJC_MSGSEND = YES;
				ENABLE_TESTABILITY = YES;
				GCC_C_LANGUAGE_STANDARD = gnu99;
				GCC_DYNAMIC_NO_PIC = NO;
				GCC_NO_COMMON_BLOCKS = YES;
				GCC_OPTIMIZATION_LEVEL = 0;
				GCC_PREPROCESSOR_DEFINITIONS = (
					"DEBUG=1",
					"$(inherited)",
				);
				GCC_WARN_64_TO_32_BIT_CONVERSION = YES;
				GCC_WARN_ABOUT_RETURN_TYPE = YES_ERROR;
				GCC_WARN_UNDECLARED_SELECTOR = YES;
				GCC_WARN_UNINITIALIZED_AUTOS = YES_AGGRESSIVE;
				GCC_WARN_UNUSED_FUNCTION = YES;
				GCC_WARN_UNUSED_VARIABLE = YES;
				IPHONEOS_DEPLOYMENT_TARGET = 10.2;
				MTL_ENABLE_DEBUG_INFO = YES;
				ONLY_ACTIVE_ARCH = YES;
				SDKROOT = iphoneos;
			};
			name = Debug;
		};
		6C6CD1A01E4C1A9D00C12ED7 /* Release */ = {
			isa = XCBuildConfiguration;
			buildSettings = {
				ALWAYS_SEARCH_USER_PATHS = NO;
				CLANG_ANALYZER_NONNULL = YES;
				CLANG_CXX_LANGUAGE_STANDARD = "gnu++0x";
				CLANG_CXX_LIBRARY = "libc++";
				CLANG_ENABLE_MODULES = YES;
				CLANG_ENABLE_OBJC_ARC = YES;
				CLANG_WARN_BOOL_CONVERSION = YES;
				CLANG_WARN_CONSTANT_CONVERSION = YES;
				CLANG_WARN_DIRECT_OBJC_ISA_USAGE = YES_ERROR;
				CLANG_WARN_DOCUMENTATION_COMMENTS = YES;
				CLANG_WARN_EMPTY_BODY = YES;
				CLANG_WARN_ENUM_CONVERSION = YES;
				CLANG_WARN_INFINITE_RECURSION = YES;
				CLANG_WARN_INT_CONVERSION = YES;
				CLANG_WARN_OBJC_ROOT_CLASS = YES_ERROR;
				CLANG_WARN_SUSPICIOUS_MOVE = YES;
				CLANG_WARN_UNREACHABLE_CODE = YES;
				CLANG_WARN__DUPLICATE_METHOD_MATCH = YES;
				"CODE_SIGN_IDENTITY[sdk=iphoneos*]" = "iPhone Developer";
				COPY_PHASE_STRIP = NO;
				DEBUG_INFORMATION_FORMAT = "dwarf-with-dsym";
				ENABLE_NS_ASSERTIONS = NO;
				ENABLE_STRICT_OBJC_MSGSEND = YES;
				GCC_C_LANGUAGE_STANDARD = gnu99;
				GCC_NO_COMMON_BLOCKS = YES;
				GCC_WARN_64_TO_32_BIT_CONVERSION = YES;
				GCC_WARN_ABOUT_RETURN_TYPE = YES_ERROR;
				GCC_WARN_UNDECLARED_SELECTOR = YES;
				GCC_WARN_UNINITIALIZED_AUTOS = YES_AGGRESSIVE;
				GCC_WARN_UNUSED_FUNCTION = YES;
				GCC_WARN_UNUSED_VARIABLE = YES;
				IPHONEOS_DEPLOYMENT_TARGET = 10.2;
				MTL_ENABLE_DEBUG_INFO = NO;
				SDKROOT = iphoneos;
				VALIDATE_PRODUCT = YES;
			};
			name = Release;
		};
		6C6CD1A21E4C1A9D00C12ED7 /* Debug */ = {
			isa = XCBuildConfiguration;
			buildSettings = {
				ASSETCATALOG_COMPILER_APPICON_NAME = AppIcon;
				DEVELOPMENT_TEAM = CTJ3RAFKS2;
				INFOPLIST_FILE = PerformingDemo_objc/Info.plist;
				LD_RUNPATH_SEARCH_PATHS = "$(inherited) @executable_path/Frameworks";
				PRODUCT_BUNDLE_IDENTIFIER = "com.MrQ.PerformingDemo-objc";
				PRODUCT_NAME = "$(TARGET_NAME)";
			};
			name = Debug;
		};
		6C6CD1A31E4C1A9D00C12ED7 /* Release */ = {
			isa = XCBuildConfiguration;
			buildSettings = {
				ASSETCATALOG_COMPILER_APPICON_NAME = AppIcon;
				DEVELOPMENT_TEAM = CTJ3RAFKS2;
				INFOPLIST_FILE = PerformingDemo_objc/Info.plist;
				LD_RUNPATH_SEARCH_PATHS = "$(inherited) @executable_path/Frameworks";
				PRODUCT_BUNDLE_IDENTIFIER = "com.MrQ.PerformingDemo-objc";
				PRODUCT_NAME = "$(TARGET_NAME)";
			};
			name = Release;
		};
		6C6CD1A51E4C1A9D00C12ED7 /* Debug */ = {
			isa = XCBuildConfiguration;
			buildSettings = {
				BUNDLE_LOADER = "$(TEST_HOST)";
				DEVELOPMENT_TEAM = CTJ3RAFKS2;
				INFOPLIST_FILE = PerformingDemo_objcTests/Info.plist;
				LD_RUNPATH_SEARCH_PATHS = "$(inherited) @executable_path/Frameworks @loader_path/Frameworks";
				PRODUCT_BUNDLE_IDENTIFIER = "com.MrQ.PerformingDemo-objcTests";
				PRODUCT_NAME = "$(TARGET_NAME)";
				TEST_HOST = "$(BUILT_PRODUCTS_DIR)/PerformingDemo_objc.app/PerformingDemo_objc";
			};
			name = Debug;
		};
		6C6CD1A61E4C1A9D00C12ED7 /* Release */ = {
			isa = XCBuildConfiguration;
			buildSettings = {
				BUNDLE_LOADER = "$(TEST_HOST)";
				DEVELOPMENT_TEAM = CTJ3RAFKS2;
				INFOPLIST_FILE = PerformingDemo_objcTests/Info.plist;
				LD_RUNPATH_SEARCH_PATHS = "$(inherited) @executable_path/Frameworks @loader_path/Frameworks";
				PRODUCT_BUNDLE_IDENTIFIER = "com.MrQ.PerformingDemo-objcTests";
				PRODUCT_NAME = "$(TARGET_NAME)";
				TEST_HOST = "$(BUILT_PRODUCTS_DIR)/PerformingDemo_objc.app/PerformingDemo_objc";
			};
			name = Release;
		};
		6C6CD1A81E4C1A9D00C12ED7 /* Debug */ = {
			isa = XCBuildConfiguration;
			buildSettings = {
				DEVELOPMENT_TEAM = CTJ3RAFKS2;
				INFOPLIST_FILE = PerformingDemo_objcUITests/Info.plist;
				LD_RUNPATH_SEARCH_PATHS = "$(inherited) @executable_path/Frameworks @loader_path/Frameworks";
				PRODUCT_BUNDLE_IDENTIFIER = "com.MrQ.PerformingDemo-objcUITests";
				PRODUCT_NAME = "$(TARGET_NAME)";
				TEST_TARGET_NAME = PerformingDemo_objc;
			};
			name = Debug;
		};
		6C6CD1A91E4C1A9D00C12ED7 /* Release */ = {
			isa = XCBuildConfiguration;
			buildSettings = {
				DEVELOPMENT_TEAM = CTJ3RAFKS2;
				INFOPLIST_FILE = PerformingDemo_objcUITests/Info.plist;
				LD_RUNPATH_SEARCH_PATHS = "$(inherited) @executable_path/Frameworks @loader_path/Frameworks";
				PRODUCT_BUNDLE_IDENTIFIER = "com.MrQ.PerformingDemo-objcUITests";
				PRODUCT_NAME = "$(TARGET_NAME)";
				TEST_TARGET_NAME = PerformingDemo_objc;
			};
			name = Release;
		};
/* End XCBuildConfiguration section */

/* Begin XCConfigurationList section */
		6C6CD16F1E4C1A9C00C12ED7 /* Build configuration list for PBXProject "PerformingDemo_objc" */ = {
			isa = XCConfigurationList;
			buildConfigurations = (
				6C6CD19F1E4C1A9D00C12ED7 /* Debug */,
				6C6CD1A01E4C1A9D00C12ED7 /* Release */,
			);
			defaultConfigurationIsVisible = 0;
			defaultConfigurationName = Release;
		};
		6C6CD1A11E4C1A9D00C12ED7 /* Build configuration list for PBXNativeTarget "PerformingDemo_objc" */ = {
			isa = XCConfigurationList;
			buildConfigurations = (
				6C6CD1A21E4C1A9D00C12ED7 /* Debug */,
				6C6CD1A31E4C1A9D00C12ED7 /* Release */,
			);
			defaultConfigurationIsVisible = 0;
			defaultConfigurationName = Release;
		};
		6C6CD1A41E4C1A9D00C12ED7 /* Build configuration list for PBXNativeTarget "PerformingDemo_objcTests" */ = {
			isa = XCConfigurationList;
			buildConfigurations = (
				6C6CD1A51E4C1A9D00C12ED7 /* Debug */,
				6C6CD1A61E4C1A9D00C12ED7 /* Release */,
			);
			defaultConfigurationIsVisible = 0;
			defaultConfigurationName = Release;
		};
		6C6CD1A71E4C1A9D00C12ED7 /* Build configuration list for PBXNativeTarget "PerformingDemo_objcUITests" */ = {
			isa = XCConfigurationList;
			buildConfigurations = (
				6C6CD1A81E4C1A9D00C12ED7 /* Debug */,
				6C6CD1A91E4C1A9D00C12ED7 /* Release */,
			);
			defaultConfigurationIsVisible = 0;
			defaultConfigurationName = Release;
		};
/* End XCConfigurationList section */
	};
	rootObject = 6C6CD16C1E4C1A9C00C12ED7 /* Project object */;
}
